
Microsoft Visual Studio Solution File, Format Version 12.00
# Visual Studio 15
VisualStudioVersion = 15.0.27004.2010
MinimumVisualStudioVersion = 10.0.40219.1
Project("{8BC9CEB8-8B4A-11D0-8D11-00A0C91BC942}") = "AhmadMundhofa", "AhmadMundhofa\AhmadMundhofa.vcxproj", "{BA2308F6-3B76-402A-83C4-2A1A28208EEC}"
EndProject
Global
	GlobalSection(SolutionConfigurationPlatforms) = preSolution
		Debug|x64 = Debug|x64
		Debug|x86 = Debug|x86
		Release|x64 = Release|x64
		Release|x86 = Release|x86
	EndGlobalSection
	GlobalSection(ProjectConfigurationPlatforms) = postSolution
		{BA2308F6-3B76-402A-83C4-2A1A28208EEC}.Debug|x64.ActiveCfg = Debug|x64
		{BA2308F6-3B76-402A-83C4-2A1A28208EEC}.Debug|x64.Build.0 = Debug|x64
		{BA2308F6-3B76-402A-83C4-2A1A28208EEC}.Debug|x86.ActiveCfg = Debug|Win32
		{BA2308F6-3B76-402A-83C4-2A1A28208EEC}.Debug|x86.Build.0 = Debug|Win32
		{BA2308F6-3B76-402A-83C4-2A1A28208EEC}.Release|x64.ActiveCfg = Release|x64
		{BA2308F6-3B76-402A-83C4-2A1A28208EEC}.Release|x64.Build.0 = Release|x64
		{BA2308F6-3B76-402A-83C4-2A1A28208EEC}.Release|x86.ActiveCfg = Release|Win32
		{BA2308F6-3B76-402A-83C4-2A1A28208EEC}.Release|x86.Build.0 = Release|Win32
	EndGlobalSection
	GlobalSection(SolutionProperties) = preSolution
		HideSolutionNode = FALSE
	EndGlobalSection
	GlobalSection(ExtensibilityGlobals) = postSolution
		SolutionGuid = {6EAE8903-56BA-44EB-8403-B035FEBEF80D}
	EndGlobalSection
EndGlobal
